
Microsoft Visual Studio Solution File, Format Version 12.00
# Visual Studio 15
VisualStudioVersion = 15.0.27703.2035
MinimumVisualStudioVersion = 10.0.40219.1
Project("{FAE04EC0-301F-11D3-BF4B-00C04F79EFBC}") = "WebShopApp", "WebShopApp\WebShopApp.csproj", "{40111372-7DAD-41DD-94B8-FA39EAB15CEC}"
EndProject
Global
	GlobalSection(SolutionConfigurationPlatforms) = preSolution
		Debug|Any CPU = Debug|Any CPU
		Release|Any CPU = Release|Any CPU
	EndGlobalSection
	GlobalSection(ProjectConfigurationPlatforms) = postSolution
		{40111372-7DAD-41DD-94B8-FA39EAB15CEC}.Debug|Any CPU.ActiveCfg = Debug|Any CPU
		{40111372-7DAD-41DD-94B8-FA39EAB15CEC}.Debug|Any CPU.Build.0 = Debug|Any CPU
		{40111372-7DAD-41DD-94B8-FA39EAB15CEC}.Release|Any CPU.ActiveCfg = Release|Any CPU
		{40111372-7DAD-41DD-94B8-FA39EAB15CEC}.Release|Any CPU.Build.0 = Release|Any CPU
	EndGlobalSection
	GlobalSection(SolutionProperties) = preSolution
		HideSolutionNode = FALSE
	EndGlobalSection
	GlobalSection(ExtensibilityGlobals) = postSolution
		SolutionGuid = {3A6D626E-2ECF-4C30-BD9B-90730A618ECC}
	EndGlobalSection
EndGlobal
